
Microsoft Visual Studio Solution File, Format Version 12.00
# Visual Studio Version 16
VisualStudioVersion = 16.0.31129.286
MinimumVisualStudioVersion = 10.0.40219.1
Project("{8BC9CEB8-8B4A-11D0-8D11-00A0C91BC942}") = "baekjoon", "Baekjoon_solving.vcxproj", "{A84A650E-E5C6-4FCC-AF16-618520046230}"
EndProject
Project("{8BC9CEB8-8B4A-11D0-8D11-00A0C91BC942}") = "leetcode", "..\leetcode\leetcode.vcxproj", "{F57A837C-A2FE-48C4-8762-C05F63E1D034}"
EndProject
Global
	GlobalSection(SolutionConfigurationPlatforms) = preSolution
		Debug|x64 = Debug|x64
		Debug|x86 = Debug|x86
		Release|x64 = Release|x64
		Release|x86 = Release|x86
	EndGlobalSection
	GlobalSection(ProjectConfigurationPlatforms) = postSolution
		{A84A650E-E5C6-4FCC-AF16-618520046230}.Debug|x64.ActiveCfg = Debug|x64
		{A84A650E-E5C6-4FCC-AF16-618520046230}.Debug|x64.Build.0 = Debug|x64
		{A84A650E-E5C6-4FCC-AF16-618520046230}.Debug|x86.ActiveCfg = Debug|Win32
		{A84A650E-E5C6-4FCC-AF16-618520046230}.Debug|x86.Build.0 = Debug|Win32
		{A84A650E-E5C6-4FCC-AF16-618520046230}.Release|x64.ActiveCfg = Release|x64
		{A84A650E-E5C6-4FCC-AF16-618520046230}.Release|x64.Build.0 = Release|x64
		{A84A650E-E5C6-4FCC-AF16-618520046230}.Release|x86.ActiveCfg = Release|Win32
		{A84A650E-E5C6-4FCC-AF16-618520046230}.Release|x86.Build.0 = Release|Win32
		{F57A837C-A2FE-48C4-8762-C05F63E1D034}.Debug|x64.ActiveCfg = Debug|x64
		{F57A837C-A2FE-48C4-8762-C05F63E1D034}.Debug|x64.Build.0 = Debug|x64
		{F57A837C-A2FE-48C4-8762-C05F63E1D034}.Debug|x86.ActiveCfg = Debug|Win32
		{F57A837C-A2FE-48C4-8762-C05F63E1D034}.Debug|x86.Build.0 = Debug|Win32
		{F57A837C-A2FE-48C4-8762-C05F63E1D034}.Release|x64.ActiveCfg = Release|x64
		{F57A837C-A2FE-48C4-8762-C05F63E1D034}.Release|x64.Build.0 = Release|x64
		{F57A837C-A2FE-48C4-8762-C05F63E1D034}.Release|x86.ActiveCfg = Release|Win32
		{F57A837C-A2FE-48C4-8762-C05F63E1D034}.Release|x86.Build.0 = Release|Win32
	EndGlobalSection
	GlobalSection(SolutionProperties) = preSolution
		HideSolutionNode = FALSE
	EndGlobalSection
	GlobalSection(ExtensibilityGlobals) = postSolution
		SolutionGuid = {513A4019-23DE-4190-9466-4ADBDDA2260B}
	EndGlobalSection
EndGlobal
